
Microsoft Visual Studio Solution File, Format Version 12.00
# Visual Studio Version 17
VisualStudioVersion = 17.14.36623.8 d17.14
MinimumVisualStudioVersion = 10.0.40219.1
Project("{FAE04EC0-301F-11D3-BF4B-00C04F79EFBC}") = "HealthApp.API", "HealthApp.API\HealthApp.API.csproj", "{10DC4087-C4DD-4909-96E0-0BABE9DCE4E1}"
EndProject
Global
	GlobalSection(SolutionConfigurationPlatforms) = preSolution
		Debug|Any CPU = Debug|Any CPU
		Release|Any CPU = Release|Any CPU
	EndGlobalSection
	GlobalSection(ProjectConfigurationPlatforms) = postSolution
		{10DC4087-C4DD-4909-96E0-0BABE9DCE4E1}.Debug|Any CPU.ActiveCfg = Debug|Any CPU
		{10DC4087-C4DD-4909-96E0-0BABE9DCE4E1}.Debug|Any CPU.Build.0 = Debug|Any CPU
		{10DC4087-C4DD-4909-96E0-0BABE9DCE4E1}.Release|Any CPU.ActiveCfg = Release|Any CPU
		{10DC4087-C4DD-4909-96E0-0BABE9DCE4E1}.Release|Any CPU.Build.0 = Release|Any CPU
	EndGlobalSection
	GlobalSection(SolutionProperties) = preSolution
		HideSolutionNode = FALSE
	EndGlobalSection
	GlobalSection(ExtensibilityGlobals) = postSolution
		SolutionGuid = {0969E9C1-18AC-4935-8BE0-90F86A0541A6}
	EndGlobalSection
EndGlobal
